
Microsoft Visual Studio Solution File, Format Version 12.00
# Visual Studio Version 16
VisualStudioVersion = 16.0.810.14
MinimumVisualStudioVersion = 10.0.40219.1
Project("{FAE04EC0-301F-11D3-BF4B-00C04F79EFBC}") = "Queue_dictinary", "Queue_dictinary\Queue_dictinary.csproj", "{B8818D44-A11F-4B68-81CC-203E5B0DFF7D}"
EndProject
Global
	GlobalSection(SolutionConfigurationPlatforms) = preSolution
		Debug|anycpu = Debug|anycpu
		Release|anycpu = Release|anycpu
	EndGlobalSection
	GlobalSection(ProjectConfigurationPlatforms) = postSolution
		{B8818D44-A11F-4B68-81CC-203E5B0DFF7D}.Debug|anycpu.ActiveCfg = Debug|anycpu
		{B8818D44-A11F-4B68-81CC-203E5B0DFF7D}.Debug|anycpu.Build.0 = Debug|anycpu
		{B8818D44-A11F-4B68-81CC-203E5B0DFF7D}.Release|anycpu.ActiveCfg = Release|anycpu
		{B8818D44-A11F-4B68-81CC-203E5B0DFF7D}.Release|anycpu.Build.0 = Release|anycpu
	EndGlobalSection
	GlobalSection(SolutionProperties) = preSolution
		HideSolutionNode = FALSE
	EndGlobalSection
	GlobalSection(ExtensibilityGlobals) = postSolution
		SolutionGuid = {A6C89D36-0CC3-4572-AA12-E162FA069B1D}
	EndGlobalSection
EndGlobal
